// !$*UTF8*$!
{ archiveVersion = 1; classes = {}; objectVersion = 56; objects = {
20E442DB72CBD198F72256C4 = { isa = PBXFileReference; lastKnownFileType = sourcecode.swift; path = "Shufang/AppState.swift"; sourceTree = SOURCE_ROOT; };
9D3970A98CCC5AA482D13050 = { isa = PBXBuildFile; fileRef = 20E442DB72CBD198F72256C4; };
55F2A03059E67F7A98DDC894 = { isa = PBXFileReference; lastKnownFileType = sourcecode.swift; path = "Shufang/Core/AccountRoutes.swift"; sourceTree = SOURCE_ROOT; };
F8A2C057FC9862996D207701 = { isa = PBXBuildFile; fileRef = 55F2A03059E67F7A98DDC894; };
82808E36206AE4CC44E57C8F = { isa = PBXFileReference; lastKnownFileType = sourcecode.swift; path = "Shufang/Core/APIClient.swift"; sourceTree = SOURCE_ROOT; };
C07EC35F8EFAE02DB4406418 = { isa = PBXBuildFile; fileRef = 82808E36206AE4CC44E57C8F; };
6F7AFEF18F8FB368498C4E78 = { isa = PBXFileReference; lastKnownFileType = sourcecode.swift; path = "Shufang/Core/BookFootnotes.swift"; sourceTree = SOURCE_ROOT; };
6166B67A34E4646E966DF61B = { isa = PBXBuildFile; fileRef = 6F7AFEF18F8FB368498C4E78; };
0B7D686960CA6B70713603A0 = { isa = PBXFileReference; lastKnownFileType = sourcecode.swift; path = "Shufang/Core/Keychain.swift"; sourceTree = SOURCE_ROOT; };
2EF4087FB030CC3713AE5FE1 = { isa = PBXBuildFile; fileRef = 0B7D686960CA6B70713603A0; };
8A681D872C3A6AD9ED07D28D = { isa = PBXFileReference; lastKnownFileType = sourcecode.swift; path = "Shufang/Core/Models.swift"; sourceTree = SOURCE_ROOT; };
00FB50563A77B5D5E5F62135 = { isa = PBXBuildFile; fileRef = 8A681D872C3A6AD9ED07D28D; };
25E74889D86FC69F6B719FBE = { isa = PBXFileReference; lastKnownFileType = sourcecode.swift; path = "Shufang/Core/PDFGeometry.swift"; sourceTree = SOURCE_ROOT; };
353EC81BC168E238D47ABA1C = { isa = PBXBuildFile; fileRef = 25E74889D86FC69F6B719FBE; };
70B5DABD0F7D29A036C2734F = { isa = PBXFileReference; lastKnownFileType = sourcecode.swift; path = "Shufang/Core/PortableInk.swift"; sourceTree = SOURCE_ROOT; };
CA3306EE7754ED6C242F5B6D = { isa = PBXBuildFile; fileRef = 70B5DABD0F7D29A036C2734F; };
262C05B8EF90F96CE63A9795 = { isa = PBXFileReference; lastKnownFileType = sourcecode.swift; path = "Shufang/Core/PortableInkPencil.swift"; sourceTree = SOURCE_ROOT; };
CE76AC1AB18DB01D483B4E1E = { isa = PBXBuildFile; fileRef = 262C05B8EF90F96CE63A9795; };
EE612167E7CD9E05A63E6DE1 = { isa = PBXFileReference; lastKnownFileType = sourcecode.swift; path = "Shufang/Core/ReaderNavigation.swift"; sourceTree = SOURCE_ROOT; };
3311AF0CA4FBC2CC9CC13FDA = { isa = PBXBuildFile; fileRef = EE612167E7CD9E05A63E6DE1; };
A858A692D023F9A2C37D3D9E = { isa = PBXFileReference; lastKnownFileType = sourcecode.swift; path = "Shufang/Core/StudyBackup.swift"; sourceTree = SOURCE_ROOT; };
2870FEC25DF2CDAA5BC449AE = { isa = PBXBuildFile; fileRef = A858A692D023F9A2C37D3D9E; };
850B41A420101AAE4D5F883C = { isa = PBXFileReference; lastKnownFileType = sourcecode.swift; path = "Shufang/Core/StudyModels.swift"; sourceTree = SOURCE_ROOT; };
34D8BDC7D200140047081DFB = { isa = PBXBuildFile; fileRef = 850B41A420101AAE4D5F883C; };
8276C237C71679AB3FA99D5E = { isa = PBXFileReference; lastKnownFileType = sourcecode.swift; path = "Shufang/Core/StudyRestore.swift"; sourceTree = SOURCE_ROOT; };
33F88E436953B1FBEDEBDE06 = { isa = PBXBuildFile; fileRef = 8276C237C71679AB3FA99D5E; };
2CB4758983D578B129C256B4 = { isa = PBXFileReference; lastKnownFileType = sourcecode.swift; path = "Shufang/Core/StudyStore.swift"; sourceTree = SOURCE_ROOT; };
1BCBD1CC9CEA3CA757544EC2 = { isa = PBXBuildFile; fileRef = 2CB4758983D578B129C256B4; };
82090BEB7032D14634D07A97 = { isa = PBXFileReference; lastKnownFileType = sourcecode.swift; path = "Shufang/Core/StudyTextSelection.swift"; sourceTree = SOURCE_ROOT; };
07A76F15F4F4A3723F00D456 = { isa = PBXBuildFile; fileRef = 82090BEB7032D14634D07A97; };
E866FDFE046CE7098DB7B91D = { isa = PBXFileReference; lastKnownFileType = sourcecode.swift; path = "Shufang/Core/StudyTree.swift"; sourceTree = SOURCE_ROOT; };
A8822910793B5BA234E0CFAE = { isa = PBXBuildFile; fileRef = E866FDFE046CE7098DB7B91D; };
0AB21F58561B229ECE43355B = { isa = PBXFileReference; lastKnownFileType = sourcecode.swift; path = "Shufang/Views/ConnectionView.swift"; sourceTree = SOURCE_ROOT; };
3A18A6A71599F1A2901F4187 = { isa = PBXBuildFile; fileRef = 0AB21F58561B229ECE43355B; };
544AA9B8E34C1DD903CA9C30 = { isa = PBXFileReference; lastKnownFileType = sourcecode.swift; path = "Shufang/Views/HighlightsView.swift"; sourceTree = SOURCE_ROOT; };
BB3C59A6CFCB70CDA6D0BDB3 = { isa = PBXBuildFile; fileRef = 544AA9B8E34C1DD903CA9C30; };
B9ED936F87EA92972221FE53 = { isa = PBXFileReference; lastKnownFileType = sourcecode.swift; path = "Shufang/Views/LibraryView.swift"; sourceTree = SOURCE_ROOT; };
59161015714DABD723836346 = { isa = PBXBuildFile; fileRef = B9ED936F87EA92972221FE53; };
648B7473C83246DB6EB9B9B6 = { isa = PBXFileReference; lastKnownFileType = sourcecode.swift; path = "Shufang/Views/NotesView.swift"; sourceTree = SOURCE_ROOT; };
13A76FB1879FDEDFEE50B182 = { isa = PBXBuildFile; fileRef = 648B7473C83246DB6EB9B9B6; };
3FA3D9D5B1C5DD7CA79D3F8E = { isa = PBXFileReference; lastKnownFileType = sourcecode.swift; path = "Shufang/Views/PDFStudyController.swift"; sourceTree = SOURCE_ROOT; };
53956375052E0D6E2016D069 = { isa = PBXBuildFile; fileRef = 3FA3D9D5B1C5DD7CA79D3F8E; };
F51B2A702F42E1A586B85EDC = { isa = PBXFileReference; lastKnownFileType = sourcecode.swift; path = "Shufang/Views/PDFStudyView.swift"; sourceTree = SOURCE_ROOT; };
E09289C420F4CBADA90C4315 = { isa = PBXBuildFile; fileRef = F51B2A702F42E1A586B85EDC; };
E8480D66C4F8CDC1D00407A3 = { isa = PBXFileReference; lastKnownFileType = sourcecode.swift; path = "Shufang/Views/ReaderView.swift"; sourceTree = SOURCE_ROOT; };
A8577793309D3C48D3E613F4 = { isa = PBXBuildFile; fileRef = E8480D66C4F8CDC1D00407A3; };
06047CE9C4FEA11F33217A3A = { isa = PBXFileReference; lastKnownFileType = sourcecode.swift; path = "Shufang/Views/ReadingHistoryView.swift"; sourceTree = SOURCE_ROOT; };
8A02C3D9182FF481FA5E7E0D = { isa = PBXBuildFile; fileRef = 06047CE9C4FEA11F33217A3A; };
F5BB41157EF7D848CC2538D3 = { isa = PBXFileReference; lastKnownFileType = sourcecode.swift; path = "Shufang/Views/StudySearchView.swift"; sourceTree = SOURCE_ROOT; };
37B10F91C60A9156E6934E6E = { isa = PBXBuildFile; fileRef = F5BB41157EF7D848CC2538D3; };
872D482871FB200D2341EC1C = { isa = PBXFileReference; lastKnownFileType = sourcecode.swift; path = "Shufang/Views/StudySourceView.swift"; sourceTree = SOURCE_ROOT; };
DAE36E8703B973276B300441 = { isa = PBXBuildFile; fileRef = 872D482871FB200D2341EC1C; };
0A6FE48F11E7FA1E9D6A664C = { isa = PBXFileReference; lastKnownFileType = sourcecode.swift; path = "Shufang/Views/StudyTransferView.swift"; sourceTree = SOURCE_ROOT; };
393995D55772464DC71C2A94 = { isa = PBXBuildFile; fileRef = 0A6FE48F11E7FA1E9D6A664C; };
07F7A4F1F6662A68913EE0E6 = { isa = PBXFileReference; lastKnownFileType = sourcecode.swift; path = "Shufang/Views/StudyWorkspaceView.swift"; sourceTree = SOURCE_ROOT; };
56E03B28B025862E8CB51A88 = { isa = PBXBuildFile; fileRef = 07F7A4F1F6662A68913EE0E6; };
8BF729FFE074CAEE622C0292 = { isa = PBXFileReference; lastKnownFileType = folder.assetcatalog; path = Shufang/Assets.xcassets; sourceTree = SOURCE_ROOT; };
999FF37E9C5A0FFB78E1CDE2 = { isa = PBXBuildFile; fileRef = 8BF729FFE074CAEE622C0292; };
D3CC9D8E6FEB7FA33940D575 = { isa = PBXFileReference; lastKnownFileType = text; path = "Shufang/Fonts/LXGWWenKaiLite-OFL.txt"; sourceTree = SOURCE_ROOT; };
32D97B25844714D589EF06E1 = { isa = PBXBuildFile; fileRef = D3CC9D8E6FEB7FA33940D575; };
A7263FC473EF5C2EBA6BA490 = { isa = PBXFileReference; lastKnownFileType = file; path = "Shufang/Fonts/LXGWWenKaiLite-Regular.ttf"; sourceTree = SOURCE_ROOT; };
1FAE1DBD1597918263C1FE0E = { isa = PBXBuildFile; fileRef = A7263FC473EF5C2EBA6BA490; };
4966A267D5C8A9B6ACE2B671 = { isa = PBXFileReference; lastKnownFileType = text; path = "Shufang/Fonts/NotoSerifCJKsc-OFL.txt"; sourceTree = SOURCE_ROOT; };
FDC0B09544AEA172A9152DE2 = { isa = PBXBuildFile; fileRef = 4966A267D5C8A9B6ACE2B671; };
A4C4455C3EF65F5A21F280AD = { isa = PBXFileReference; lastKnownFileType = file; path = "Shufang/Fonts/NotoSerifCJKsc-Regular.otf"; sourceTree = SOURCE_ROOT; };
D6D822DE422B6A985948BA5A = { isa = PBXBuildFile; fileRef = A4C4455C3EF65F5A21F280AD; };
DF29C9FC968791B7DE0B7952 = { isa = PBXFileReference; lastKnownFileType = text; path = "Shufang/Fonts/tkFangSong-OFL.txt"; sourceTree = SOURCE_ROOT; };
6AE72B39E31CE08C3DA0408F = { isa = PBXBuildFile; fileRef = DF29C9FC968791B7DE0B7952; };
78A9ABCF3DA05D449CBD0172 = { isa = PBXFileReference; lastKnownFileType = file; path = "Shufang/Fonts/tkFangSong.ttf"; sourceTree = SOURCE_ROOT; };
D544B3FB9BD9E15DED967F9B = { isa = PBXBuildFile; fileRef = 78A9ABCF3DA05D449CBD0172; };
E8635BDF4A66192911AB9FE8 = { isa = PBXFileReference; lastKnownFileType = text; path = "Shufang/Fonts/ZCOOLKuaiLe-OFL.txt"; sourceTree = SOURCE_ROOT; };
0998C53B6260208400A1D2C8 = { isa = PBXBuildFile; fileRef = E8635BDF4A66192911AB9FE8; };
9F73F13147C616D1BD1802D5 = { isa = PBXFileReference; lastKnownFileType = file; path = "Shufang/Fonts/ZCOOLKuaiLe-Regular.ttf"; sourceTree = SOURCE_ROOT; };
40806DB2511B8DE8793138AB = { isa = PBXBuildFile; fileRef = 9F73F13147C616D1BD1802D5; };
A8792157CB4F27FB949C035F = { isa = PBXFileReference; explicitFileType = wrapper.application; path = Shufang.app; sourceTree = BUILT_PRODUCTS_DIR; };
0A3E27B8CA818264D75C8D81 = { isa = PBXGroup; children = (A8792157CB4F27FB949C035F,); name = Products; sourceTree = "<group>"; };
0D6E4079E36703EBD37C0072 = { isa = PBXGroup; children = (20E442DB72CBD198F72256C4,55F2A03059E67F7A98DDC894,82808E36206AE4CC44E57C8F,6F7AFEF18F8FB368498C4E78,0B7D686960CA6B70713603A0,8A681D872C3A6AD9ED07D28D,25E74889D86FC69F6B719FBE,70B5DABD0F7D29A036C2734F,262C05B8EF90F96CE63A9795,EE612167E7CD9E05A63E6DE1,A858A692D023F9A2C37D3D9E,850B41A420101AAE4D5F883C,8276C237C71679AB3FA99D5E,2CB4758983D578B129C256B4,82090BEB7032D14634D07A97,E866FDFE046CE7098DB7B91D,0AB21F58561B229ECE43355B,544AA9B8E34C1DD903CA9C30,B9ED936F87EA92972221FE53,648B7473C83246DB6EB9B9B6,3FA3D9D5B1C5DD7CA79D3F8E,F51B2A702F42E1A586B85EDC,E8480D66C4F8CDC1D00407A3,06047CE9C4FEA11F33217A3A,F5BB41157EF7D848CC2538D3,872D482871FB200D2341EC1C,0A6FE48F11E7FA1E9D6A664C,07F7A4F1F6662A68913EE0E6,8BF729FFE074CAEE622C0292,D3CC9D8E6FEB7FA33940D575,A7263FC473EF5C2EBA6BA490,4966A267D5C8A9B6ACE2B671,A4C4455C3EF65F5A21F280AD,DF29C9FC968791B7DE0B7952,78A9ABCF3DA05D449CBD0172,E8635BDF4A66192911AB9FE8,9F73F13147C616D1BD1802D5,0A3E27B8CA818264D75C8D81,); sourceTree = "<group>"; };
878A52FC5FF6A57D50B7B870 = { isa = PBXSourcesBuildPhase; buildActionMask = 2147483647; files = (9D3970A98CCC5AA482D13050,F8A2C057FC9862996D207701,C07EC35F8EFAE02DB4406418,6166B67A34E4646E966DF61B,2EF4087FB030CC3713AE5FE1,00FB50563A77B5D5E5F62135,353EC81BC168E238D47ABA1C,CA3306EE7754ED6C242F5B6D,CE76AC1AB18DB01D483B4E1E,3311AF0CA4FBC2CC9CC13FDA,2870FEC25DF2CDAA5BC449AE,34D8BDC7D200140047081DFB,33F88E436953B1FBEDEBDE06,1BCBD1CC9CEA3CA757544EC2,07A76F15F4F4A3723F00D456,A8822910793B5BA234E0CFAE,3A18A6A71599F1A2901F4187,BB3C59A6CFCB70CDA6D0BDB3,59161015714DABD723836346,13A76FB1879FDEDFEE50B182,53956375052E0D6E2016D069,E09289C420F4CBADA90C4315,A8577793309D3C48D3E613F4,8A02C3D9182FF481FA5E7E0D,37B10F91C60A9156E6934E6E,DAE36E8703B973276B300441,393995D55772464DC71C2A94,56E03B28B025862E8CB51A88,); runOnlyForDeploymentPostprocessing = 0; };
41D311A605520FC7B8B9A980 = { isa = PBXResourcesBuildPhase; buildActionMask = 2147483647; files = (999FF37E9C5A0FFB78E1CDE2,32D97B25844714D589EF06E1,1FAE1DBD1597918263C1FE0E,FDC0B09544AEA172A9152DE2,D6D822DE422B6A985948BA5A,6AE72B39E31CE08C3DA0408F,D544B3FB9BD9E15DED967F9B,0998C53B6260208400A1D2C8,40806DB2511B8DE8793138AB,); runOnlyForDeploymentPostprocessing = 0; };
E2AA269EB967A8853A258BFA = { isa = PBXFrameworksBuildPhase; buildActionMask = 2147483647; files = (); runOnlyForDeploymentPostprocessing = 0; };
73EBF6644258C120893E685D = { isa = XCBuildConfiguration; name = Debug; buildSettings = {SDKROOT = "iphoneos";IPHONEOS_DEPLOYMENT_TARGET = "17.0";SWIFT_VERSION = "5.0";CLANG_ENABLE_MODULES = "YES";SWIFT_OPTIMIZATION_LEVEL = "-Onone";SWIFT_ACTIVE_COMPILATION_CONDITIONS = "DEBUG";DEBUG_INFORMATION_FORMAT = "dwarf";}; };
0B0C687DF8B6B8DC790B519C = { isa = XCBuildConfiguration; name = Release; buildSettings = {SDKROOT = "iphoneos";IPHONEOS_DEPLOYMENT_TARGET = "17.0";SWIFT_VERSION = "5.0";CLANG_ENABLE_MODULES = "YES";SWIFT_OPTIMIZATION_LEVEL = "-O";DEBUG_INFORMATION_FORMAT = "dwarf-with-dsym";VALIDATE_PRODUCT = "YES";}; };
76F8DEC3DFE0BDB465198890 = { isa = XCConfigurationList; buildConfigurations = (73EBF6644258C120893E685D,0B0C687DF8B6B8DC790B519C,); defaultConfigurationIsVisible = 0; defaultConfigurationName = Release; };
6C7EFF6369083C8E1F2B1994 = { isa = XCBuildConfiguration; name = Debug; buildSettings = {SDKROOT = "iphoneos";IPHONEOS_DEPLOYMENT_TARGET = "17.0";SWIFT_VERSION = "5.0";CLANG_ENABLE_MODULES = "YES";PRODUCT_BUNDLE_IDENTIFIER = "com.shufang.reader";PRODUCT_NAME = "Shufang";INFOPLIST_FILE = "Shufang/Info.plist";TARGETED_DEVICE_FAMILY = "1,2";CODE_SIGN_STYLE = "Automatic";GENERATE_INFOPLIST_FILE = "NO";SWIFT_EMIT_LOC_STRINGS = "YES";ASSETCATALOG_COMPILER_APPICON_NAME = "AppIcon";ASSETCATALOG_COMPILER_GLOBAL_ACCENT_COLOR_NAME = "AccentColor";SUPPORTED_PLATFORMS = "iphoneos iphonesimulator";SWIFT_OPTIMIZATION_LEVEL = "-Onone";SWIFT_ACTIVE_COMPILATION_CONDITIONS = "DEBUG";DEBUG_INFORMATION_FORMAT = "dwarf";}; };
DD75E2CB1C510A828AC72D96 = { isa = XCBuildConfiguration; name = Release; buildSettings = {SDKROOT = "iphoneos";IPHONEOS_DEPLOYMENT_TARGET = "17.0";SWIFT_VERSION = "5.0";CLANG_ENABLE_MODULES = "YES";PRODUCT_BUNDLE_IDENTIFIER = "com.shufang.reader";PRODUCT_NAME = "Shufang";INFOPLIST_FILE = "Shufang/Info.plist";TARGETED_DEVICE_FAMILY = "1,2";CODE_SIGN_STYLE = "Automatic";GENERATE_INFOPLIST_FILE = "NO";SWIFT_EMIT_LOC_STRINGS = "YES";ASSETCATALOG_COMPILER_APPICON_NAME = "AppIcon";ASSETCATALOG_COMPILER_GLOBAL_ACCENT_COLOR_NAME = "AccentColor";SUPPORTED_PLATFORMS = "iphoneos iphonesimulator";SWIFT_OPTIMIZATION_LEVEL = "-O";DEBUG_INFORMATION_FORMAT = "dwarf-with-dsym";VALIDATE_PRODUCT = "YES";}; };
1B672BF3DA427763BF644BE3 = { isa = XCConfigurationList; buildConfigurations = (6C7EFF6369083C8E1F2B1994,DD75E2CB1C510A828AC72D96,); defaultConfigurationIsVisible = 0; defaultConfigurationName = Release; };
34A04005BCAF206EEC990BD9 = { isa = PBXNativeTarget; buildConfigurationList = 1B672BF3DA427763BF644BE3; buildPhases = (878A52FC5FF6A57D50B7B870,E2AA269EB967A8853A258BFA,41D311A605520FC7B8B9A980,); buildRules = (); dependencies = (); name = Shufang; productName = Shufang; productReference = A8792157CB4F27FB949C035F; productType = "com.apple.product-type.application"; };
244210E48437B6556980A702 = { isa = PBXProject; attributes = { LastUpgradeCheck = 2600; }; buildConfigurationList = 76F8DEC3DFE0BDB465198890; compatibilityVersion = "Xcode 14.0"; developmentRegion = zh-Hans; hasScannedForEncodings = 0; knownRegions = ("zh-Hans",en,Base,); mainGroup = 0D6E4079E36703EBD37C0072; productRefGroup = 0A3E27B8CA818264D75C8D81; projectDirPath = ""; projectRoot = ""; targets = (34A04005BCAF206EEC990BD9,); };
}; rootObject = 244210E48437B6556980A702; }
